// !$*UTF8*$!
{
	archiveVersion = 1;
	classes = {
	};
	objectVersion = 50;
	objects = {

/* Begin PBXBuildFile section */
		462E74B9A0CCB631F9F02C4A /* Pods_MyToDoList.framework in Frameworks */ = {isa = PBXBuildFile; fileRef = B4F3C25B97D46A181239B0D8 /* Pods_MyToDoList.framework */; };
		68C335CF24EAC79E001BC669 /* AppDelegate.swift in Sources */ = {isa = PBXBuildFile; fileRef = 68C335CE24EAC79E001BC669 /* AppDelegate.swift */; };
		68C335D124EAC79E001BC669 /* SceneDelegate.swift in Sources */ = {isa = PBXBuildFile; fileRef = 68C335D024EAC79E001BC669 /* SceneDelegate.swift */; };
		68C335D324EAC79E001BC669 /* ViewController.swift in Sources */ = {isa = PBXBuildFile; fileRef = 68C335D224EAC79E001BC669 /* ViewController.swift */; };
		68C335D624EAC79E001BC669 /* Main.storyboard in Resources */ = {isa = PBXBuildFile; fileRef = 68C335D424EAC79E001BC669 /* Main.storyboard */; };
		68C335D824EAC7A7001BC669 /* Assets.xcassets in Resources */ = {isa = PBXBuildFile; fileRef = 68C335D724EAC7A7001BC669 /* Assets.xcassets */; };
		68C335DB24EAC7A7001BC669 /* LaunchScreen.storyboard in Resources */ = {isa = PBXBuildFile; fileRef = 68C335D924EAC7A7001BC669 /* LaunchScreen.storyboard */; };
/* End PBXBuildFile section */

/* Begin PBXFileReference section */
		68C335CB24EAC79E001BC669 /* MyToDoList.app */ = {isa = PBXFileReference; explicitFileType = wrapper.application; includeInIndex = 0; path = MyToDoList.app; sourceTree = BUILT_PRODUCTS_DIR; };
		68C335CE24EAC79E001BC669 /* AppDelegate.swift */ = {isa = PBXFileReference; lastKnownFileType = sourcecode.swift; path = AppDelegate.swift; sourceTree = "<group>"; };
		68C335D024EAC79E001BC669 /* SceneDelegate.swift */ = {isa = PBXFileReference; lastKnownFileType = sourcecode.swift; path = SceneDelegate.swift; sourceTree = "<group>"; };
		68C335D224EAC79E001BC669 /* ViewController.swift */ = {isa = PBXFileReference; lastKnownFileType = sourcecode.swift; path = ViewController.swift; sourceTree = "<group>"; };
		68C335D524EAC79E001BC669 /* Base */ = {isa = PBXFileReference; lastKnownFileType = file.storyboard; name = Base; path = Base.lproj/Main.storyboard; sourceTree = "<group>"; };
		68C335D724EAC7A7001BC669 /* Assets.xcassets */ = {isa = PBXFileReference; lastKnownFileType = folder.assetcatalog; path = Assets.xcassets; sourceTree = "<group>"; };
		68C335DA24EAC7A7001BC669 /* Base */ = {isa = PBXFileReference; lastKnownFileType = file.storyboard; name = Base; path = Base.lproj/LaunchScreen.storyboard; sourceTree = "<group>"; };
		68C335DC24EAC7A7001BC669 /* Info.plist */ = {isa = PBXFileReference; lastKnownFileType = text.plist.xml; path = Info.plist; sourceTree = "<group>"; };
		8AEF9B910DC74260A3EB7318 /* Pods-MyToDoList.release.xcconfig */ = {isa = PBXFileReference; includeInIndex = 1; lastKnownFileType = text.xcconfig; name = "Pods-MyToDoList.release.xcconfig"; path = "Target Support Files/Pods-MyToDoList/Pods-MyToDoList.release.xcconfig"; sourceTree = "<group>"; };
		B4F3C25B97D46A181239B0D8 /* Pods_MyToDoList.framework */ = {isa = PBXFileReference; explicitFileType = wrapper.framework; includeInIndex = 0; path = Pods_MyToDoList.framework; sourceTree = BUILT_PRODUCTS_DIR; };
		F53E23ED92F22EE9B8D61B1F /* Pods-MyToDoList.debug.xcconfig */ = {isa = PBXFileReference; includeInIndex = 1; lastKnownFileType = text.xcconfig; name = "Pods-MyToDoList.debug.xcconfig"; path = "Target Support Files/Pods-MyToDoList/Pods-MyToDoList.debug.xcconfig"; sourceTree = "<group>"; };
/* End PBXFileReference section */

/* Begin PBXFrameworksBuildPhase section */
		68C335C824EAC79E001BC669 /* Frameworks */ = {
			isa = PBXFrameworksBuildPhase;
			buildActionMask = 2147483647;
			files = (
				462E74B9A0CCB631F9F02C4A /* Pods_MyToDoList.framework in Frameworks */,
			);
			runOnlyForDeploymentPostprocessing = 0;
		};
/* End PBXFrameworksBuildPhase section */

/* Begin PBXGroup section */
		361F21A86E19995BA33814C8 /* Pods */ = {
			isa = PBXGroup;
			children = (
				F53E23ED92F22EE9B8D61B1F /* Pods-MyToDoList.debug.xcconfig */,
				8AEF9B910DC74260A3EB7318 /* Pods-MyToDoList.release.xcconfig */,
			);
			name = Pods;
			path = Pods;
			sourceTree = "<group>";
		};
		68C335C224EAC79E001BC669 = {
			isa = PBXGroup;
			children = (
				68C335CD24EAC79E001BC669 /* MyToDoList */,
				68C335CC24EAC79E001BC669 /* Products */,
				361F21A86E19995BA33814C8 /* Pods */,
				C40FF7DE8F2010693E929742 /* Frameworks */,
			);
			sourceTree = "<group>";
		};
		68C335CC24EAC79E001BC669 /* Products */ = {
			isa = PBXGroup;
			children = (
				68C335CB24EAC79E001BC669 /* MyToDoList.app */,
			);
			name = Products;
			sourceTree = "<group>";
		};
		68C335CD24EAC79E001BC669 /* MyToDoList */ = {
			isa = PBXGroup;
			children = (
				68C335CE24EAC79E001BC669 /* AppDelegate.swift */,
				68C335D024EAC79E001BC669 /* SceneDelegate.swift */,
				68C335D224EAC79E001BC669 /* ViewController.swift */,
				68C335D424EAC79E001BC669 /* Main.storyboard */,
				68C335D724EAC7A7001BC669 /* Assets.xcassets */,
				68C335D924EAC7A7001BC669 /* LaunchScreen.storyboard */,
				68C335DC24EAC7A7001BC669 /* Info.plist */,
			);
			path = MyToDoList;
			sourceTree = "<group>";
		};
		C40FF7DE8F2010693E929742 /* Frameworks */ = {
			isa = PBXGroup;
			children = (
				B4F3C25B97D46A181239B0D8 /* Pods_MyToDoList.framework */,
			);
			name = Frameworks;
			sourceTree = "<group>";
		};
/* End PBXGroup section */

/* Begin PBXNativeTarget section */
		68C335CA24EAC79E001BC669 /* MyToDoList */ = {
			isa = PBXNativeTarget;
			buildConfigurationList = 68C335DF24EAC7A7001BC669 /* Build configuration list for PBXNativeTarget "MyToDoList" */;
			buildPhases = (
				7FBFDA759B744FAA6B20B0C1 /* [CP] Check Pods Manifest.lock */,
				68C335C724EAC79E001BC669 /* Sources */,
				68C335C824EAC79E001BC669 /* Frameworks */,
				68C335C924EAC79E001BC669 /* Resources */,
				5C60C795E0814DE41B89F9E7 /* [CP] Embed Pods Frameworks */,
			);
			buildRules = (
			);
			dependencies = (
			);
			name = MyToDoList;
			productName = MyToDoList;
			productReference = 68C335CB24EAC79E001BC669 /* MyToDoList.app */;
			productType = "com.apple.product-type.application";
		};
/* End PBXNativeTarget section */

/* Begin PBXProject section */
		68C335C324EAC79E001BC669 /* Project object */ = {
			isa = PBXProject;
			attributes = {
				LastSwiftUpdateCheck = 1140;
				LastUpgradeCheck = 1140;
				ORGANIZATIONNAME = "Reagan Davenport";
				TargetAttributes = {
					68C335CA24EAC79E001BC669 = {
						CreatedOnToolsVersion = 11.4;
					};
				};
			};
			buildConfigurationList = 68C335C624EAC79E001BC669 /* Build configuration list for PBXProject "MyToDoList" */;
			compatibilityVersion = "Xcode 9.3";
			developmentRegion = en;
			hasScannedForEncodings = 0;
			knownRegions = (
				en,
				Base,
			);
			mainGroup = 68C335C224EAC79E001BC669;
			productRefGroup = 68C335CC24EAC79E001BC669 /* Products */;
			projectDirPath = "";
			projectRoot = "";
			targets = (
				68C335CA24EAC79E001BC669 /* MyToDoList */,
			);
		};
/* End PBXProject section */

/* Begin PBXResourcesBuildPhase section */
		68C335C924EAC79E001BC669 /* Resources */ = {
			isa = PBXResourcesBuildPhase;
			buildActionMask = 2147483647;
			files = (
				68C335DB24EAC7A7001BC669 /* LaunchScreen.storyboard in Resources */,
				68C335D824EAC7A7001BC669 /* Assets.xcassets in Resources */,
				68C335D624EAC79E001BC669 /* Main.storyboard in Resources */,
			);
			runOnlyForDeploymentPostprocessing = 0;
		};
/* End PBXResourcesBuildPhase section */

/* Begin PBXShellScriptBuildPhase section */
		5C60C795E0814DE41B89F9E7 /* [CP] Embed Pods Frameworks */ = {
			isa = PBXShellScriptBuildPhase;
			buildActionMask = 2147483647;
			files = (
			);
			inputFileListPaths = (
				"${PODS_ROOT}/Target Support Files/Pods-MyToDoList/Pods-MyToDoList-frameworks-${CONFIGURATION}-input-files.xcfilelist",
			);
			name = "[CP] Embed Pods Frameworks";
			outputFileListPaths = (
				"${PODS_ROOT}/Target Support Files/Pods-MyToDoList/Pods-MyToDoList-frameworks-${CONFIGURATION}-output-files.xcfilelist",
			);
			runOnlyForDeploymentPostprocessing = 0;
			shellPath = /bin/sh;
			shellScript = "\"${PODS_ROOT}/Target Support Files/Pods-MyToDoList/Pods-MyToDoList-frameworks.sh\"\n";
			showEnvVarsInLog = 0;
		};
		7FBFDA759B744FAA6B20B0C1 /* [CP] Check Pods Manifest.lock */ = {
			isa = PBXShellScriptBuildPhase;
			buildActionMask = 2147483647;
			files = (
			);
			inputFileListPaths = (
			);
			inputPaths = (
				"${PODS_PODFILE_DIR_PATH}/Podfile.lock",
				"${PODS_ROOT}/Manifest.lock",
			);
			name = "[CP] Check Pods Manifest.lock";
			outputFileListPaths = (
			);
			outputPaths = (
				"$(DERIVED_FILE_DIR)/Pods-MyToDoList-checkManifestLockResult.txt",
			);
			runOnlyForDeploymentPostprocessing = 0;
			shellPath = /bin/sh;
			shellScript = "diff \"${PODS_PODFILE_DIR_PATH}/Podfile.lock\" \"${PODS_ROOT}/Manifest.lock\" > /dev/null\nif [ $? != 0 ] ; then\n    # print error to STDERR\n    echo \"error: The sandbox is not in sync with the Podfile.lock. Run 'pod install' or update your CocoaPods installation.\" >&2\n    exit 1\nfi\n# This output is used by Xcode 'outputs' to avoid re-running this script phase.\necho \"SUCCESS\" > \"${SCRIPT_OUTPUT_FILE_0}\"\n";
			showEnvVarsInLog = 0;
		};
/* End PBXShellScriptBuildPhase section */

/* Begin PBXSourcesBuildPhase section */
		68C335C724EAC79E001BC669 /* Sources */ = {
			isa = PBXSourcesBuildPhase;
			buildActionMask = 2147483647;
			files = (
				68C335D324EAC79E001BC669 /* ViewController.swift in Sources */,
				68C335CF24EAC79E001BC669 /* AppDelegate.swift in Sources */,
				68C335D124EAC79E001BC669 /* SceneDelegate.swift in Sources */,
			);
			runOnlyForDeploymentPostprocessing = 0;
		};
/* End PBXSourcesBuildPhase section */

/* Begin PBXVariantGroup section */
		68C335D424EAC79E001BC669 /* Main.storyboard */ = {
			isa = PBXVariantGroup;
			children = (
				68C335D524EAC79E001BC669 /* Base */,
			);
			name = Main.storyboard;
			sourceTree = "<group>";
		};
		68C335D924EAC7A7001BC669 /* LaunchScreen.storyboard */ = {
			isa = PBXVariantGroup;
			children = (
				68C335DA24EAC7A7001BC669 /* Base */,
			);
			name = LaunchScreen.storyboard;
			sourceTree = "<group>";
		};
/* End PBXVariantGroup section */

/* Begin XCBuildConfiguration section */
		68C335DD24EAC7A7001BC669 /* Debug */ = {
			isa = XCBuildConfiguration;
			buildSettings = {
				ALWAYS_SEARCH_USER_PATHS = NO;
				CLANG_ANALYZER_NONNULL = YES;
				CLANG_ANALYZER_NUMBER_OBJECT_CONVERSION = YES_AGGRESSIVE;
				CLANG_CXX_LANGUAGE_STANDARD = "gnu++14";
				CLANG_CXX_LIBRARY = "libc++";
				CLANG_ENABLE_MODULES = YES;
				CLANG_ENABLE_OBJC_ARC = YES;
				CLANG_ENABLE_OBJC_WEAK = YES;
				CLANG_WARN_BLOCK_CAPTURE_AUTORELEASING = YES;
				CLANG_WARN_BOOL_CONVERSION = YES;
				CLANG_WARN_COMMA = YES;
				CLANG_WARN_CONSTANT_CONVERSION = YES;
				CLANG_WARN_DEPRECATED_OBJC_IMPLEMENTATIONS = YES;
				CLANG_WARN_DIRECT_OBJC_ISA_USAGE = YES_ERROR;
				CLANG_WARN_DOCUMENTATION_COMMENTS = YES;
				CLANG_WARN_EMPTY_BODY = YES;
				CLANG_WARN_ENUM_CONVERSION = YES;
				CLANG_WARN_INFINITE_RECURSION = YES;
				CLANG_WARN_INT_CONVERSION = YES;
				CLANG_WARN_NON_LITERAL_NULL_CONVERSION = YES;
				CLANG_WARN_OBJC_IMPLICIT_RETAIN_SELF = YES;
				CLANG_WARN_OBJC_LITERAL_CONVERSION = YES;
				CLANG_WARN_OBJC_ROOT_CLASS = YES_ERROR;
				CLANG_WARN_RANGE_LOOP_ANALYSIS = YES;
				CLANG_WARN_STRICT_PROTOTYPES = YES;
				CLANG_WARN_SUSPICIOUS_MOVE = YES;
				CLANG_WARN_UNGUARDED_AVAILABILITY = YES_AGGRESSIVE;
				CLANG_WARN_UNREACHABLE_CODE = YES;
				CLANG_WARN__DUPLICATE_METHOD_MATCH = YES;
				COPY_PHASE_STRIP = NO;
				DEBUG_INFORMATION_FORMAT = dwarf;
				ENABLE_STRICT_OBJC_MSGSEND = YES;
				ENABLE_TESTABILITY = YES;
				GCC_C_LANGUAGE_STANDARD = gnu11;
				GCC_DYNAMIC_NO_PIC = NO;
				GCC_NO_COMMON_BLOCKS = YES;
				GCC_OPTIMIZATION_LEVEL = 0;
				GCC_PREPROCESSOR_DEFINITIONS = (
					"DEBUG=1",
					"$(inherited)",
				);
				GCC_WARN_64_TO_32_BIT_CONVERSION = YES;
				GCC_WARN_ABOUT_RETURN_TYPE = YES_ERROR;
				GCC_WARN_UNDECLARED_SELECTOR = YES;
				GCC_WARN_UNINITIALIZED_AUTOS = YES_AGGRESSIVE;
				GCC_WARN_UNUSED_FUNCTION = YES;
				GCC_WARN_UNUSED_VARIABLE = YES;
				IPHONEOS_DEPLOYMENT_TARGET = 13.4;
				MTL_ENABLE_DEBUG_INFO = INCLUDE_SOURCE;
				MTL_FAST_MATH = YES;
				ONLY_ACTIVE_ARCH = YES;
				SDKROOT = iphoneos;
				SWIFT_ACTIVE_COMPILATION_CONDITIONS = DEBUG;
				SWIFT_OPTIMIZATION_LEVEL = "-Onone";
			};
			name = Debug;
		};
		68C335DE24EAC7A7001BC669 /* Release */ = {
			isa = XCBuildConfiguration;
			buildSettings = {
				ALWAYS_SEARCH_USER_PATHS = NO;
				CLANG_ANALYZER_NONNULL = YES;
				CLANG_ANALYZER_NUMBER_OBJECT_CONVERSION = YES_AGGRESSIVE;
				CLANG_CXX_LANGUAGE_STANDARD = "gnu++14";
				CLANG_CXX_LIBRARY = "libc++";
				CLANG_ENABLE_MODULES = YES;
				CLANG_ENABLE_OBJC_ARC = YES;
				CLANG_ENABLE_OBJC_WEAK = YES;
				CLANG_WARN_BLOCK_CAPTURE_AUTORELEASING = YES;
				CLANG_WARN_BOOL_CONVERSION = YES;
				CLANG_WARN_COMMA = YES;
				CLANG_WARN_CONSTANT_CONVERSION = YES;
				CLANG_WARN_DEPRECATED_OBJC_IMPLEMENTATIONS = YES;
				CLANG_WARN_DIRECT_OBJC_ISA_USAGE = YES_ERROR;
				CLANG_WARN_DOCUMENTATION_COMMENTS = YES;
				CLANG_WARN_EMPTY_BODY = YES;
				CLANG_WARN_ENUM_CONVERSION = YES;
				CLANG_WARN_INFINITE_RECURSION = YES;
				CLANG_WARN_INT_CONVERSION = YES;
				CLANG_WARN_NON_LITERAL_NULL_CONVERSION = YES;
				CLANG_WARN_OBJC_IMPLICIT_RETAIN_SELF = YES;
				CLANG_WARN_OBJC_LITERAL_CONVERSION = YES;
				CLANG_WARN_OBJC_ROOT_CLASS = YES_ERROR;
				CLANG_WARN_RANGE_LOOP_ANALYSIS = YES;
				CLANG_WARN_STRICT_PROTOTYPES = YES;
				CLANG_WARN_SUSPICIOUS_MOVE = YES;
				CLANG_WARN_UNGUARDED_AVAILABILITY = YES_AGGRESSIVE;
				CLANG_WARN_UNREACHABLE_CODE = YES;
				CLANG_WARN__DUPLICATE_METHOD_MATCH = YES;
				COPY_PHASE_STRIP = NO;
				DEBUG_INFORMATION_FORMAT = "dwarf-with-dsym";
				ENABLE_NS_ASSERTIONS = NO;
				ENABLE_STRICT_OBJC_MSGSEND = YES;
				GCC_C_LANGUAGE_STANDARD = gnu11;
				GCC_NO_COMMON_BLOCKS = YES;
				GCC_WARN_64_TO_32_BIT_CONVERSION = YES;
				GCC_WARN_ABOUT_RETURN_TYPE = YES_ERROR;
				GCC_WARN_UNDECLARED_SELECTOR = YES;
				GCC_WARN_UNINITIALIZED_AUTOS = YES_AGGRESSIVE;
				GCC_WARN_UNUSED_FUNCTION = YES;
				GCC_WARN_UNUSED_VARIABLE = YES;
				IPHONEOS_DEPLOYMENT_TARGET = 13.4;
				MTL_ENABLE_DEBUG_INFO = NO;
				MTL_FAST_MATH = YES;
				SDKROOT = iphoneos;
				SWIFT_COMPILATION_MODE = wholemodule;
				SWIFT_OPTIMIZATION_LEVEL = "-O";
				VALIDATE_PRODUCT = YES;
			};
			name = Release;
		};
		68C335E024EAC7A7001BC669 /* Debug */ = {
			isa = XCBuildConfiguration;
			baseConfigurationReference = F53E23ED92F22EE9B8D61B1F /* Pods-MyToDoList.debug.xcconfig */;
			buildSettings = {
				ASSETCATALOG_COMPILER_APPICON_NAME = AppIcon;
				CODE_SIGN_STYLE = Automatic;
				INFOPLIST_FILE = MyToDoList/Info.plist;
				LD_RUNPATH_SEARCH_PATHS = (
					"$(inherited)",
					"@executable_path/Frameworks",
				);
				PRODUCT_BUNDLE_IDENTIFIER = ReaganDavenport.MyToDoList;
				PRODUCT_NAME = "$(TARGET_NAME)";
				SWIFT_VERSION = 5.0;
				TARGETED_DEVICE_FAMILY = "1,2";
			};
			name = Debug;
		};
		68C335E124EAC7A7001BC669 /* Release */ = {
			isa = XCBuildConfiguration;
			baseConfigurationReference = 8AEF9B910DC74260A3EB7318 /* Pods-MyToDoList.release.xcconfig */;
			buildSettings = {
				ASSETCATALOG_COMPILER_APPICON_NAME = AppIcon;
				CODE_SIGN_STYLE = Automatic;
				INFOPLIST_FILE = MyToDoList/Info.plist;
				LD_RUNPATH_SEARCH_PATHS = (
					"$(inherited)",
					"@executable_path/Frameworks",
				);
				PRODUCT_BUNDLE_IDENTIFIER = ReaganDavenport.MyToDoList;
				PRODUCT_NAME = "$(TARGET_NAME)";
				SWIFT_VERSION = 5.0;
				TARGETED_DEVICE_FAMILY = "1,2";
			};
			name = Release;
		};
/* End XCBuildConfiguration section */

/* Begin XCConfigurationList section */
		68C335C624EAC79E001BC669 /* Build configuration list for PBXProject "MyToDoList" */ = {
			isa = XCConfigurationList;
			buildConfigurations = (
				68C335DD24EAC7A7001BC669 /* Debug */,
				68C335DE24EAC7A7001BC669 /* Release */,
			);
			defaultConfigurationIsVisible = 0;
			defaultConfigurationName = Release;
		};
		68C335DF24EAC7A7001BC669 /* Build configuration list for PBXNativeTarget "MyToDoList" */ = {
			isa = XCConfigurationList;
			buildConfigurations = (
				68C335E024EAC7A7001BC669 /* Debug */,
				68C335E124EAC7A7001BC669 /* Release */,
			);
			defaultConfigurationIsVisible = 0;
			defaultConfigurationName = Release;
		};
/* End XCConfigurationList section */
	};
	rootObject = 68C335C324EAC79E001BC669 /* Project object */;
}
